
Microsoft Visual Studio Solution File, Format Version 12.00
# Visual Studio Version 16
VisualStudioVersion = 16.0.30907.101
MinimumVisualStudioVersion = 10.0.40219.1
Project("{9A19103F-16F7-4668-BE54-9A1E7A4F7556}") = "OdlAuthService", "OdlAuthService\OdlAuthService.csproj", "{A0C1838F-2737-407B-9696-0C00DA0F71A7}"
EndProject
Project("{FAE04EC0-301F-11D3-BF4B-00C04F79EFBC}") = "OdlLegacyWebServices", "OdlLegacyWebServices\OdlLegacyWebServices.csproj", "{921D58A3-99AD-48A8-A7BD-3BE61CB05B2A}"
EndProject
Project("{FAE04EC0-301F-11D3-BF4B-00C04F79EFBC}") = "ValidationUtility", "ValidationUtility\ValidationUtility.csproj", "{1270BB26-69A6-45B9-AB47-4CC0CD1123F6}"
EndProject
Project("{FAE04EC0-301F-11D3-BF4B-00C04F79EFBC}") = "TokenBasedAuthenticationInWebService", "TokenBasedAuthenticationInWebService\TokenBasedAuthenticationInWebService.csproj", "{2FB6107C-49F0-41A2-829E-61149059F485}"
EndProject
Project("{9A19103F-16F7-4668-BE54-9A1E7A4F7556}") = "ODLSecirutyService", "ODLSecirutyService\ODLSecirutyService.csproj", "{7C3ACC78-80DE-474E-8628-DE1371440D0C}"
EndProject
Global
	GlobalSection(SolutionConfigurationPlatforms) = preSolution
		Debug|Any CPU = Debug|Any CPU
		Release|Any CPU = Release|Any CPU
	EndGlobalSection
	GlobalSection(ProjectConfigurationPlatforms) = postSolution
		{A0C1838F-2737-407B-9696-0C00DA0F71A7}.Debug|Any CPU.ActiveCfg = Debug|Any CPU
		{A0C1838F-2737-407B-9696-0C00DA0F71A7}.Debug|Any CPU.Build.0 = Debug|Any CPU
		{A0C1838F-2737-407B-9696-0C00DA0F71A7}.Release|Any CPU.ActiveCfg = Release|Any CPU
		{A0C1838F-2737-407B-9696-0C00DA0F71A7}.Release|Any CPU.Build.0 = Release|Any CPU
		{921D58A3-99AD-48A8-A7BD-3BE61CB05B2A}.Debug|Any CPU.ActiveCfg = Debug|Any CPU
		{921D58A3-99AD-48A8-A7BD-3BE61CB05B2A}.Debug|Any CPU.Build.0 = Debug|Any CPU
		{921D58A3-99AD-48A8-A7BD-3BE61CB05B2A}.Release|Any CPU.ActiveCfg = Release|Any CPU
		{921D58A3-99AD-48A8-A7BD-3BE61CB05B2A}.Release|Any CPU.Build.0 = Release|Any CPU
		{1270BB26-69A6-45B9-AB47-4CC0CD1123F6}.Debug|Any CPU.ActiveCfg = Debug|Any CPU
		{1270BB26-69A6-45B9-AB47-4CC0CD1123F6}.Debug|Any CPU.Build.0 = Debug|Any CPU
		{1270BB26-69A6-45B9-AB47-4CC0CD1123F6}.Release|Any CPU.ActiveCfg = Release|Any CPU
		{1270BB26-69A6-45B9-AB47-4CC0CD1123F6}.Release|Any CPU.Build.0 = Release|Any CPU
		{2FB6107C-49F0-41A2-829E-61149059F485}.Debug|Any CPU.ActiveCfg = Debug|Any CPU
		{2FB6107C-49F0-41A2-829E-61149059F485}.Debug|Any CPU.Build.0 = Debug|Any CPU
		{2FB6107C-49F0-41A2-829E-61149059F485}.Release|Any CPU.ActiveCfg = Release|Any CPU
		{2FB6107C-49F0-41A2-829E-61149059F485}.Release|Any CPU.Build.0 = Release|Any CPU
		{7C3ACC78-80DE-474E-8628-DE1371440D0C}.Debug|Any CPU.ActiveCfg = Debug|Any CPU
		{7C3ACC78-80DE-474E-8628-DE1371440D0C}.Debug|Any CPU.Build.0 = Debug|Any CPU
		{7C3ACC78-80DE-474E-8628-DE1371440D0C}.Release|Any CPU.ActiveCfg = Release|Any CPU
		{7C3ACC78-80DE-474E-8628-DE1371440D0C}.Release|Any CPU.Build.0 = Release|Any CPU
	EndGlobalSection
	GlobalSection(SolutionProperties) = preSolution
		HideSolutionNode = FALSE
	EndGlobalSection
	GlobalSection(ExtensibilityGlobals) = postSolution
		SolutionGuid = {DD03F85D-AD44-4728-AE7F-279C20C769A6}
	EndGlobalSection
EndGlobal
